
Microsoft Visual Studio Solution File, Format Version 12.00
# Visual Studio 15
Project("{FAE04EC0-301F-11D3-BF4B-00C04F79EFBC}") = "Greeting", "Assembly-CSharp.csproj", "{1C0CAFC7-7159-3A9A-3F27-1FE87DD8D6B3}"
EndProject
Project("{FAE04EC0-301F-11D3-BF4B-00C04F79EFBC}") = "Greeting", "Assembly-CSharp-Editor.csproj", "{9845106A-32C9-787A-23B4-8CDF5F05F654}"
EndProject
Global
	GlobalSection(SolutionConfigurationPlatforms) = preSolution
		Debug|Any CPU = Debug|Any CPU
		Release|Any CPU = Release|Any CPU
	EndGlobalSection
	GlobalSection(ProjectConfigurationPlatforms) = postSolution
		{1C0CAFC7-7159-3A9A-3F27-1FE87DD8D6B3}.Debug|Any CPU.ActiveCfg = Debug|Any CPU
		{1C0CAFC7-7159-3A9A-3F27-1FE87DD8D6B3}.Debug|Any CPU.Build.0 = Debug|Any CPU
		{1C0CAFC7-7159-3A9A-3F27-1FE87DD8D6B3}.Release|Any CPU.ActiveCfg = Release|Any CPU
		{1C0CAFC7-7159-3A9A-3F27-1FE87DD8D6B3}.Release|Any CPU.Build.0 = Release|Any CPU
		{9845106A-32C9-787A-23B4-8CDF5F05F654}.Debug|Any CPU.ActiveCfg = Debug|Any CPU
		{9845106A-32C9-787A-23B4-8CDF5F05F654}.Debug|Any CPU.Build.0 = Debug|Any CPU
		{9845106A-32C9-787A-23B4-8CDF5F05F654}.Release|Any CPU.ActiveCfg = Release|Any CPU
		{9845106A-32C9-787A-23B4-8CDF5F05F654}.Release|Any CPU.Build.0 = Release|Any CPU
	EndGlobalSection
	GlobalSection(SolutionProperties) = preSolution
		HideSolutionNode = FALSE
	EndGlobalSection
EndGlobal
